
Microsoft Visual Studio Solution File, Format Version 12.00
# Visual Studio Version 16
VisualStudioVersion = 16.0.30503.244
MinimumVisualStudioVersion = 10.0.40219.1
Project("{8BC9CEB8-8B4A-11D0-8D11-00A0C91BC942}") = "PA1", "PA1.vcxproj", "{58D03A49-DD48-4127-A318-C9354AE575FB}"
EndProject
Global
	GlobalSection(SolutionConfigurationPlatforms) = preSolution
		Debug|x64 = Debug|x64
		Debug|x86 = Debug|x86
		Release|x64 = Release|x64
		Release|x86 = Release|x86
	EndGlobalSection
	GlobalSection(ProjectConfigurationPlatforms) = postSolution
		{58D03A49-DD48-4127-A318-C9354AE575FB}.Debug|x64.ActiveCfg = Debug|x64
		{58D03A49-DD48-4127-A318-C9354AE575FB}.Debug|x64.Build.0 = Debug|x64
		{58D03A49-DD48-4127-A318-C9354AE575FB}.Debug|x86.ActiveCfg = Debug|Win32
		{58D03A49-DD48-4127-A318-C9354AE575FB}.Debug|x86.Build.0 = Debug|Win32
		{58D03A49-DD48-4127-A318-C9354AE575FB}.Release|x64.ActiveCfg = Release|x64
		{58D03A49-DD48-4127-A318-C9354AE575FB}.Release|x64.Build.0 = Release|x64
		{58D03A49-DD48-4127-A318-C9354AE575FB}.Release|x86.ActiveCfg = Release|Win32
		{58D03A49-DD48-4127-A318-C9354AE575FB}.Release|x86.Build.0 = Release|Win32
	EndGlobalSection
	GlobalSection(SolutionProperties) = preSolution
		HideSolutionNode = FALSE
	EndGlobalSection
	GlobalSection(ExtensibilityGlobals) = postSolution
		SolutionGuid = {BEF2E76C-8FAA-4CD6-BFB2-B07A48A85D7D}
	EndGlobalSection
EndGlobal
